
Microsoft Visual Studio Solution File, Format Version 12.00
# Visual Studio Version 17
VisualStudioVersion = 17.11.35327.3
MinimumVisualStudioVersion = 10.0.40219.1
Project("{2150E333-8FDC-42A3-9474-1A3956D46DE8}") = "src", "src", "{E655B4E8-AF92-4086-8C8B-4B7D78303D7C}"
EndProject
Project("{2150E333-8FDC-42A3-9474-1A3956D46DE8}") = "services", "services", "{D38E75C1-6ADB-45E6-8F83-55671A8AA5DD}"
EndProject
Project("{2150E333-8FDC-42A3-9474-1A3956D46DE8}") = "catalog", "catalog", "{10F984F3-9021-49D1-973A-AC991691AB49}"
EndProject
Project("{FAE04EC0-301F-11D3-BF4B-00C04F79EFBC}") = "UdemyNewMicroservice.Catalog.Api", "UdemyNewMicroservice.Catalog.Api\UdemyNewMicroservice.Catalog.Api.csproj", "{E1F4814C-30F2-45FC-9FEE-F12C419864A6}"
EndProject
Project("{E53339B2-1760-4266-BCC7-CA923CBCF16C}") = "docker-compose", "docker-compose.dcproj", "{B08A53D6-AA91-4B00-9240-56AC7F9DFEA5}"
EndProject
Global
	GlobalSection(SolutionConfigurationPlatforms) = preSolution
		Debug|Any CPU = Debug|Any CPU
		Release|Any CPU = Release|Any CPU
	EndGlobalSection
	GlobalSection(ProjectConfigurationPlatforms) = postSolution
		{E1F4814C-30F2-45FC-9FEE-F12C419864A6}.Debug|Any CPU.ActiveCfg = Debug|Any CPU
		{E1F4814C-30F2-45FC-9FEE-F12C419864A6}.Debug|Any CPU.Build.0 = Debug|Any CPU
		{E1F4814C-30F2-45FC-9FEE-F12C419864A6}.Release|Any CPU.ActiveCfg = Release|Any CPU
		{E1F4814C-30F2-45FC-9FEE-F12C419864A6}.Release|Any CPU.Build.0 = Release|Any CPU
		{B08A53D6-AA91-4B00-9240-56AC7F9DFEA5}.Debug|Any CPU.ActiveCfg = Debug|Any CPU
		{B08A53D6-AA91-4B00-9240-56AC7F9DFEA5}.Debug|Any CPU.Build.0 = Debug|Any CPU
		{B08A53D6-AA91-4B00-9240-56AC7F9DFEA5}.Release|Any CPU.ActiveCfg = Release|Any CPU
		{B08A53D6-AA91-4B00-9240-56AC7F9DFEA5}.Release|Any CPU.Build.0 = Release|Any CPU
	EndGlobalSection
	GlobalSection(SolutionProperties) = preSolution
		HideSolutionNode = FALSE
	EndGlobalSection
	GlobalSection(NestedProjects) = preSolution
		{D38E75C1-6ADB-45E6-8F83-55671A8AA5DD} = {E655B4E8-AF92-4086-8C8B-4B7D78303D7C}
		{10F984F3-9021-49D1-973A-AC991691AB49} = {D38E75C1-6ADB-45E6-8F83-55671A8AA5DD}
		{E1F4814C-30F2-45FC-9FEE-F12C419864A6} = {10F984F3-9021-49D1-973A-AC991691AB49}
	EndGlobalSection
	GlobalSection(ExtensibilityGlobals) = postSolution
		SolutionGuid = {D4A3B2D0-F757-4001-A25A-D22548EF4BBE}
	EndGlobalSection
EndGlobal
